# THIS IS AN AUTOGENERATED FILE. DO NOT EDIT THIS FILE DIRECTLY.
# yarn lockfile v1


flow-bin@^0.173.0:
  version "0.173.0"
  resolved "https://registry.npmmirror.com/flow-bin/-/flow-bin-0.173.0.tgz#4eb4b0143ffcef3ef3ee64638554a8dff6b89735"
  integrity sha512-CIvShSnB4I7SsfkE9S7ECpUCkBNqDQGDWr+0uzulKGYEBnCYwFzITE1T84weLmINQwO1dR6ntsH0LlWLoGCquQ==
